# This file is automatically @generated by Cargo.
# It is not intended for manual editing.
version = 3

[[package]]
name = "aho-corasick"
version = "0.7.20"
source = "registry+https://github.com/rust-lang/crates.io-index"
checksum = "cc936419f96fa211c1b9166887b38e5e40b19958e5b895be7c1f93adec7071ac"
dependencies = [
 "memchr",
]

[[package]]
name = "anyhow"
version = "1.0.75"
source = "registry+https://github.com/rust-lang/crates.io-index"
checksum = "a4668cab20f66d8d020e1fbc0ebe47217433c1b6c8f2040faf858554e394ace6"

[[package]]
name = "lazy_static"
version = "1.4.0"
source = "registry+https://github.com/rust-lang/crates.io-index"
checksum = "e2abad23fbc42b3700f2f279844dc832adb2b2eb069b2df918f455c4e18cc646"

[[package]]
name = "memchr"
version = "2.5.0"
source = "registry+https://github.com/rust-lang/crates.io-index"
checksum = "2dffe52ecf27772e601905b7522cb4ef790d2cc203488bbd0e2fe85fcb74566d"

[[package]]
name = "proc-macro2"
version = "1.0.66"
source = "registry+https://github.com/rust-lang/crates.io-index"
checksum = "18fb31db3f9bddb2ea821cde30a9f70117e3f119938b5ee630b7403aa6e2ead9"
dependencies = [
 "unicode-ident",
]

[[package]]
name = "quote"
version = "1.0.33"
source = "registry+https://github.com/rust-lang/crates.io-index"
checksum = "5267fca4496028628a95160fc423a33e8b2e6af8a5302579e322e4b520293cae"
dependencies = [
 "proc-macro2",
]

[[package]]
name = "regex"
version = "1.7.2"
source = "registry+https://github.com/rust-lang/crates.io-index"
checksum = "cce168fea28d3e05f158bda4576cf0c844d5045bc2cc3620fa0292ed5bb5814c"
dependencies = [
 "aho-corasick",
 "memchr",
 "regex-syntax",
]

[[package]]
name = "regex-syntax"
version = "0.6.29"
source = "registry+https://github.com/rust-lang/crates.io-index"
checksum = "f162c6dd7b008981e4d40210aca20b4bd0f9b60ca9271061b07f78537722f2e1"

[[package]]
name = "rustex-soup"
version = "0.1.0"
dependencies = [
 "anyhow",
 "lazy_static",
 "regex",
 "thiserror",
]

[[package]]
name = "syn"
version = "2.0.31"
source = "registry+https://github.com/rust-lang/crates.io-index"
checksum = "718fa2415bcb8d8bd775917a1bf12a7931b6dfa890753378538118181e0cb398"
dependencies = [
 "proc-macro2",
 "quote",
 "unicode-ident",
]

[[package]]
name = "thiserror"
version = "1.0.48"
source = "registry+https://github.com/rust-lang/crates.io-index"
checksum = "9d6d7a740b8a666a7e828dd00da9c0dc290dff53154ea77ac109281de90589b7"
dependencies = [
 "thiserror-impl",
]

[[package]]
name = "thiserror-impl"
version = "1.0.48"
source = "registry+https://github.com/rust-lang/crates.io-index"
checksum = "49922ecae66cc8a249b77e68d1d0623c1b2c514f0060c27cdc68bd62a1219d35"
dependencies = [
 "proc-macro2",
 "quote",
 "syn",
]

[[package]]
name = "unicode-ident"
version = "1.0.11"
source = "registry+https://github.com/rust-lang/crates.io-index"
checksum = "301abaae475aa91687eb82514b328ab47a211a533026cb25fc3e519b86adfc3c"
